
Microsoft Visual Studio Solution File, Format Version 12.00
# Visual Studio Version 16
VisualStudioVersion = 16.0.30114.105
MinimumVisualStudioVersion = 10.0.40219.1
Project("{FAE04EC0-301F-11D3-BF4B-00C04F79EFBC}") = "API", "API\API.csproj", "{73554384-7338-4A27-BAF4-F87283703412}"
EndProject
Project("{FAE04EC0-301F-11D3-BF4B-00C04F79EFBC}") = "Core", "Core\Core.csproj", "{52037C18-6BFB-4F84-B326-FC77636D9CD4}"
EndProject
Project("{FAE04EC0-301F-11D3-BF4B-00C04F79EFBC}") = "Infrastructure", "Infrastructure\Infrastructure.csproj", "{05C7E872-9A8C-482B-A376-AD69164509C0}"
EndProject
Global
	GlobalSection(SolutionConfigurationPlatforms) = preSolution
		Debug|Any CPU = Debug|Any CPU
		Release|Any CPU = Release|Any CPU
	EndGlobalSection
	GlobalSection(SolutionProperties) = preSolution
		HideSolutionNode = FALSE
	EndGlobalSection
	GlobalSection(ProjectConfigurationPlatforms) = postSolution
		{73554384-7338-4A27-BAF4-F87283703412}.Debug|Any CPU.ActiveCfg = Debug|Any CPU
		{73554384-7338-4A27-BAF4-F87283703412}.Debug|Any CPU.Build.0 = Debug|Any CPU
		{73554384-7338-4A27-BAF4-F87283703412}.Release|Any CPU.ActiveCfg = Release|Any CPU
		{73554384-7338-4A27-BAF4-F87283703412}.Release|Any CPU.Build.0 = Release|Any CPU
		{52037C18-6BFB-4F84-B326-FC77636D9CD4}.Debug|Any CPU.ActiveCfg = Debug|Any CPU
		{52037C18-6BFB-4F84-B326-FC77636D9CD4}.Debug|Any CPU.Build.0 = Debug|Any CPU
		{52037C18-6BFB-4F84-B326-FC77636D9CD4}.Release|Any CPU.ActiveCfg = Release|Any CPU
		{52037C18-6BFB-4F84-B326-FC77636D9CD4}.Release|Any CPU.Build.0 = Release|Any CPU
		{05C7E872-9A8C-482B-A376-AD69164509C0}.Debug|Any CPU.ActiveCfg = Debug|Any CPU
		{05C7E872-9A8C-482B-A376-AD69164509C0}.Debug|Any CPU.Build.0 = Debug|Any CPU
		{05C7E872-9A8C-482B-A376-AD69164509C0}.Release|Any CPU.ActiveCfg = Release|Any CPU
		{05C7E872-9A8C-482B-A376-AD69164509C0}.Release|Any CPU.Build.0 = Release|Any CPU
	EndGlobalSection
EndGlobal
